{
  "requires": true,
  "lockfileVersion": 1,
  "dependencies": {
    "react-confirm-alert": {
      "version": "3.0.6",
      "resolved": "https://registry.npmjs.org/react-confirm-alert/-/react-confirm-alert-3.0.6.tgz",
      "integrity": "sha512-rplP6Ed9ZSNd0KFV5BUzk4EPQ77BxsrayllBXGFuA8xPXc7sbBjgU5KUrNpl7aWFmP7mXRlVXfuy1IT5DbffYw=="
    }
  }
}
